
Microsoft Visual Studio Solution File, Format Version 12.00
# Visual Studio Version 16
VisualStudioVersion = 16.0.31105.61
MinimumVisualStudioVersion = 10.0.40219.1
Project("{F184B08F-C81C-45F6-A57F-5ABD9991F28F}") = "Tugas_uts", "Tugas_uts\Tugas_uts.vbproj", "{0C641780-1B6E-4D92-AF3C-5612EDD10753}"
EndProject
Global
	GlobalSection(SolutionConfigurationPlatforms) = preSolution
		Debug|Any CPU = Debug|Any CPU
		Release|Any CPU = Release|Any CPU
	EndGlobalSection
	GlobalSection(ProjectConfigurationPlatforms) = postSolution
		{0C641780-1B6E-4D92-AF3C-5612EDD10753}.Debug|Any CPU.ActiveCfg = Debug|Any CPU
		{0C641780-1B6E-4D92-AF3C-5612EDD10753}.Debug|Any CPU.Build.0 = Debug|Any CPU
		{0C641780-1B6E-4D92-AF3C-5612EDD10753}.Release|Any CPU.ActiveCfg = Release|Any CPU
		{0C641780-1B6E-4D92-AF3C-5612EDD10753}.Release|Any CPU.Build.0 = Release|Any CPU
	EndGlobalSection
	GlobalSection(SolutionProperties) = preSolution
		HideSolutionNode = FALSE
	EndGlobalSection
	GlobalSection(ExtensibilityGlobals) = postSolution
		SolutionGuid = {1AB64E30-1967-460B-AC8E-A3C4E2D05A7A}
	EndGlobalSection
EndGlobal
